<?xml version="1.0" encoding="utf-8"?>
<Project ToolsVersion="4.0" xmlns="http://schemas.microsoft.com/developer/msbuild/2003">
  <ItemGroup>
    <Filter Include="include">
      <UniqueIdentifier>{93995380-89BD-4b04-88EB-625FBE52EBFB}</UniqueIdentifier>
      <Extensions>h;hpp;hxx;hm;inl;inc;xsd</Extensions>
    </Filter>
    <Filter Include="src">
      <UniqueIdentifier>{4FC737F1-C7A5-4376-A066-2A32D752A2FF}</UniqueIdentifier>
      <Extensions>cpp;c;cc;cxx;def;odl;idl;hpj;bat;asm;asmx</Extensions>
    </Filter>
    <Filter Include="include\kaphein">
      <UniqueIdentifier>{f5324b2e-e9c5-4876-8841-58eb205087bf}</UniqueIdentifier>
    </Filter>
    <Filter Include="src\kaphein">
      <UniqueIdentifier>{a6e8949f-dab5-4dba-b064-dcb8ba0f9d33}</UniqueIdentifier>
    </Filter>
    <Filter Include="include\kaphein\collection">
      <UniqueIdentifier>{afa3e2b3-d4da-46c9-b6f1-c05064de3933}</UniqueIdentifier>
    </Filter>
    <Filter Include="include\kaphein\functional">
      <UniqueIdentifier>{464d8609-2af1-4b80-afc8-02d676a5a8fc}</UniqueIdentifier>
    </Filter>
    <Filter Include="include\kaphein\math">
      <UniqueIdentifier>{fd68ed37-57b0-436c-9cba-2030c3d425a6}</UniqueIdentifier>
    </Filter>
    <Filter Include="include\kaphein\memory">
      <UniqueIdentifier>{be65a6d9-e190-4287-b2f5-e8f3721189e2}</UniqueIdentifier>
    </Filter>
    <Filter Include="include\kaphein\pp">
      <UniqueIdentifier>{4bb7c3ae-6dc7-4569-a2c0-80628fa3211f}</UniqueIdentifier>
    </Filter>
    <Filter Include="include\kaphein\string">
      <UniqueIdentifier>{362bf71e-ceeb-4289-a517-ff9eceb4d979}</UniqueIdentifier>
    </Filter>
    <Filter Include="include\kaphein\utility">
      <UniqueIdentifier>{84a1fdb4-b1e3-49cd-897d-ab7e2a58e71d}</UniqueIdentifier>
    </Filter>
    <Filter Include="src\kaphein\collection">
      <UniqueIdentifier>{c9b31640-4f9c-4c49-8189-708ae848a20c}</UniqueIdentifier>
    </Filter>
    <Filter Include="src\kaphein\functional">
      <UniqueIdentifier>{1f9a9a73-b60b-4ed3-a5f6-4d1c44caef69}</UniqueIdentifier>
    </Filter>
    <Filter Include="src\kaphein\math">
      <UniqueIdentifier>{6359499a-9f72-4ca1-819d-512c830daf4e}</UniqueIdentifier>
    </Filter>
    <Filter Include="src\kaphein\string">
      <UniqueIdentifier>{8363519f-546a-4538-a2b1-b31ef9392acd}</UniqueIdentifier>
    </Filter>
  </ItemGroup>
  <ItemGroup>
    <ClInclude Include="..\..\include\kaphein\pp\basic.hpp">
      <Filter>include\kaphein\pp</Filter>
    </ClInclude>
    <ClInclude Include="..\..\include\kaphein\functional\Delegate.hpp">
      <Filter>include\kaphein\functional</Filter>
    </ClInclude>
    <ClInclude Include="..\..\include\kaphein\functional\DelegateBase.hpp">
      <Filter>include\kaphein\functional</Filter>
    </ClInclude>
    <ClInclude Include="..\..\include\kaphein\functional\FreeFunctionWrapper.hpp">
      <Filter>include\kaphein\functional</Filter>
    </ClInclude>
    <ClInclude Include="..\..\include\kaphein\functional\FunctionWrapper.hpp">
      <Filter>include\kaphein\functional</Filter>
    </ClInclude>
    <ClInclude Include="..\..\include\kaphein\functional\FunctionWrapperBase.hpp">
      <Filter>include\kaphein\functional</Filter>
    </ClInclude>
    <ClInclude Include="..\..\include\kaphein\functional\macro.hpp">
      <Filter>include\kaphein\functional</Filter>
    </ClInclude>
    <ClInclude Include="..\..\include\kaphein\functional\MethodWrapper.hpp">
      <Filter>include\kaphein\functional</Filter>
    </ClInclude>
    <ClInclude Include="..\..\include\kaphein\math\Abs.hpp">
      <Filter>include\kaphein\math</Filter>
    </ClInclude>
    <ClInclude Include="..\..\include\kaphein\math\Acos.hpp">
      <Filter>include\kaphein\math</Filter>
    </ClInclude>
    <ClInclude Include="..\..\include\kaphein\math\Asin.hpp">
      <Filter>include\kaphein\math</Filter>
    </ClInclude>
    <ClInclude Include="..\..\include\kaphein\math\Atan.hpp">
      <Filter>include\kaphein\math</Filter>
    </ClInclude>
    <ClInclude Include="..\..\include\kaphein\math\Atan2.hpp">
      <Filter>include\kaphein\math</Filter>
    </ClInclude>
    <ClInclude Include="..\..\include\kaphein\math\Cbrt.hpp">
      <Filter>include\kaphein\math</Filter>
    </ClInclude>
    <ClInclude Include="..\..\include\kaphein\math\Ceil.hpp">
      <Filter>include\kaphein\math</Filter>
    </ClInclude>
    <ClInclude Include="..\..\include\kaphein\math\Cos.hpp">
      <Filter>include\kaphein\math</Filter>
    </ClInclude>
    <ClInclude Include="..\..\include\kaphein\math\Div.hpp">
      <Filter>include\kaphein\math</Filter>
    </ClInclude>
    <ClInclude Include="..\..\include\kaphein\math\Equal.hpp">
      <Filter>include\kaphein\math</Filter>
    </ClInclude>
    <ClInclude Include="..\..\include\kaphein\math\Exp.hpp">
      <Filter>include\kaphein\math</Filter>
    </ClInclude>
    <ClInclude Include="..\..\include\kaphein\math\Floor.hpp">
      <Filter>include\kaphein\math</Filter>
    </ClInclude>
    <ClInclude Include="..\..\include\kaphein\math\IsZero.hpp">
      <Filter>include\kaphein\math</Filter>
    </ClInclude>
    <ClInclude Include="..\..\include\kaphein\math\Lerp.hpp">
      <Filter>include\kaphein\math</Filter>
    </ClInclude>
    <ClInclude Include="..\..\include\kaphein\math\Matrix.hpp">
      <Filter>include\kaphein\math</Filter>
    </ClInclude>
    <ClInclude Include="..\..\include\kaphein\math\MatrixMxN.hpp">
      <Filter>include\kaphein\math</Filter>
    </ClInclude>
    <ClInclude Include="..\..\include\kaphein\math\MatrixNxN.hpp">
      <Filter>include\kaphein\math</Filter>
    </ClInclude>
    <ClInclude Include="..\..\include\kaphein\math\NumericTraits.hpp">
      <Filter>include\kaphein\math</Filter>
    </ClInclude>
    <ClInclude Include="..\..\include\kaphein\math\Pow.hpp">
      <Filter>include\kaphein\math</Filter>
    </ClInclude>
    <ClInclude Include="..\..\include\kaphein\math\Sin.hpp">
      <Filter>include\kaphein\math</Filter>
    </ClInclude>
    <ClInclude Include="..\..\include\kaphein\math\Sqrt.hpp">
      <Filter>include\kaphein\math</Filter>
    </ClInclude>
    <ClInclude Include="..\..\include\kaphein\math\Tan.hpp">
      <Filter>include\kaphein\math</Filter>
    </ClInclude>
    <ClInclude Include="..\..\include\kaphein\math\Vector2f.hpp">
      <Filter>include\kaphein\math</Filter>
    </ClInclude>
    <ClInclude Include="..\..\include\kaphein\math\Vector2i4.hpp">
      <Filter>include\kaphein\math</Filter>
    </ClInclude>
    <ClInclude Include="..\..\include\kaphein\math\Vector3f.hpp">
      <Filter>include\kaphein\math</Filter>
    </ClInclude>
    <ClInclude Include="..\..\include\kaphein\math\Vector4f.hpp">
      <Filter>include\kaphein\math</Filter>
    </ClInclude>
    <ClInclude Include="..\..\include\kaphein\math\VectorN.hpp">
      <Filter>include\kaphein\math</Filter>
    </ClInclude>
    <ClInclude Include="..\..\include\kaphein\memory\DefaultAllocator.hpp">
      <Filter>include\kaphein\memory</Filter>
    </ClInclude>
    <ClInclude Include="..\..\include\kaphein\string\Utf8String.hpp">
      <Filter>include\kaphein\string</Filter>
    </ClInclude>
    <ClInclude Include="..\..\include\kaphein\utility\SelectType.hpp">
      <Filter>include\kaphein\utility</Filter>
    </ClInclude>
    <ClInclude Include="..\..\include\kaphein\utility\UnrolledLoop.hpp">
      <Filter>include\kaphein\utility</Filter>
    </ClInclude>
    <ClInclude Include="..\..\include\kaphein\functional\Dummy.hpp">
      <Filter>include\kaphein\functional</Filter>
    </ClInclude>
    <ClInclude Include="..\..\include\kaphein\collection\ArrayIterator.hpp">
      <Filter>include\kaphein\collection</Filter>
    </ClInclude>
    <ClInclude Include="..\..\include\kaphein\collection\ArrayIteratorBase.hpp">
      <Filter>include\kaphein\collection</Filter>
    </ClInclude>
    <ClInclude Include="..\..\include\kaphein\collection\ContainerUnderflowException.hpp">
      <Filter>include\kaphein\collection</Filter>
    </ClInclude>
    <ClInclude Include="..\..\include\kaphein\collection\List.hpp">
      <Filter>include\kaphein\collection</Filter>
    </ClInclude>
    <ClInclude Include="..\..\include\kaphein\collection\Vector.hpp">
      <Filter>include\kaphein\collection</Filter>
    </ClInclude>
    <ClInclude Include="..\..\include\kaphein\utility\RemoveConst.hpp">
      <Filter>include\kaphein\utility</Filter>
    </ClInclude>
    <ClInclude Include="..\..\include\kaphein\DivideByZeroException.hpp">
      <Filter>include\kaphein</Filter>
    </ClInclude>
    <ClInclude Include="..\..\include\kaphein\Exception.hpp">
      <Filter>include\kaphein</Filter>
    </ClInclude>
    <ClInclude Include="..\..\include\kaphein\IndexOutOfRangeException.hpp">
      <Filter>include\kaphein</Filter>
    </ClInclude>
    <ClInclude Include="..\..\include\kaphein\InvalidArgumentException.hpp">
      <Filter>include\kaphein</Filter>
    </ClInclude>
    <ClInclude Include="..\..\include\kaphein\NotImplementedMethodException.hpp">
      <Filter>include\kaphein</Filter>
    </ClInclude>
    <ClInclude Include="..\..\include\kaphein\NullPointerException.hpp">
      <Filter>include\kaphein</Filter>
    </ClInclude>
    <ClInclude Include="..\..\include\kaphein\RangeException.hpp">
      <Filter>include\kaphein</Filter>
    </ClInclude>
    <ClInclude Include="..\..\include\kaphein\UnsupportedMethodException.hpp">
      <Filter>include\kaphein</Filter>
    </ClInclude>
  </ItemGroup>
  <ItemGroup>
    <None Include="..\..\include\kaphein\math\Matrix.inl">
      <Filter>include\kaphein\math</Filter>
    </None>
    <None Include="..\..\include\kaphein\math\MatrixMxN.inl">
      <Filter>include\kaphein\math</Filter>
    </None>
    <None Include="..\..\include\kaphein\math\VectorN.inl">
      <Filter>include\kaphein\math</Filter>
    </None>
    <None Include="..\..\include\kaphein\memory\DefaultAllocator.inl">
      <Filter>include\kaphein\memory</Filter>
    </None>
    <None Include="..\..\include\kaphein\utility\UnrolledLoop.inl">
      <Filter>include\kaphein\utility</Filter>
    </None>
    <None Include="..\..\include\kaphein\collection\ArrayIterator.inl">
      <Filter>include\kaphein\collection</Filter>
    </None>
    <None Include="..\..\include\kaphein\collection\Vector.inl">
      <Filter>include\kaphein\collection</Filter>
    </None>
    <None Include="..\..\LICENSE" />
    <None Include="..\..\README.md" />
  </ItemGroup>
  <ItemGroup>
    <ClCompile Include="..\..\src\kaphein\collection\ArrayIteratorBase.cpp">
      <Filter>src\kaphein\collection</Filter>
    </ClCompile>
    <ClCompile Include="..\..\src\kaphein\functional\FunctionWrapperBase.cpp">
      <Filter>src\kaphein\functional</Filter>
    </ClCompile>
    <ClCompile Include="..\..\src\kaphein\math\Abs.cpp">
      <Filter>src\kaphein\math</Filter>
    </ClCompile>
    <ClCompile Include="..\..\src\kaphein\math\Acos.cpp">
      <Filter>src\kaphein\math</Filter>
    </ClCompile>
    <ClCompile Include="..\..\src\kaphein\math\Asin.cpp">
      <Filter>src\kaphein\math</Filter>
    </ClCompile>
    <ClCompile Include="..\..\src\kaphein\math\Atan.cpp">
      <Filter>src\kaphein\math</Filter>
    </ClCompile>
    <ClCompile Include="..\..\src\kaphein\math\Atan2.cpp">
      <Filter>src\kaphein\math</Filter>
    </ClCompile>
    <ClCompile Include="..\..\src\kaphein\math\Cbrt.cpp">
      <Filter>src\kaphein\math</Filter>
    </ClCompile>
    <ClCompile Include="..\..\src\kaphein\math\Ceil.cpp">
      <Filter>src\kaphein\math</Filter>
    </ClCompile>
    <ClCompile Include="..\..\src\kaphein\math\Cos.cpp">
      <Filter>src\kaphein\math</Filter>
    </ClCompile>
    <ClCompile Include="..\..\src\kaphein\math\Div.cpp">
      <Filter>src\kaphein\math</Filter>
    </ClCompile>
    <ClCompile Include="..\..\src\kaphein\math\Exp.cpp">
      <Filter>src\kaphein\math</Filter>
    </ClCompile>
    <ClCompile Include="..\..\src\kaphein\math\Floor.cpp">
      <Filter>src\kaphein\math</Filter>
    </ClCompile>
    <ClCompile Include="..\..\src\kaphein\math\NumericTraits.cpp">
      <Filter>src\kaphein\math</Filter>
    </ClCompile>
    <ClCompile Include="..\..\src\kaphein\math\Pow.cpp">
      <Filter>src\kaphein\math</Filter>
    </ClCompile>
    <ClCompile Include="..\..\src\kaphein\math\Sin.cpp">
      <Filter>src\kaphein\math</Filter>
    </ClCompile>
    <ClCompile Include="..\..\src\kaphein\math\Sqrt.cpp">
      <Filter>src\kaphein\math</Filter>
    </ClCompile>
    <ClCompile Include="..\..\src\kaphein\math\Tan.cpp">
      <Filter>src\kaphein\math</Filter>
    </ClCompile>
    <ClCompile Include="..\..\src\kaphein\math\Vector2i4.cpp">
      <Filter>src\kaphein\math</Filter>
    </ClCompile>
    <ClCompile Include="..\..\src\kaphein\string\Utf8String.cpp">
      <Filter>src\kaphein\string</Filter>
    </ClCompile>
    <ClCompile Include="..\..\src\kaphein\UnsupportedMethodException.cpp">
      <Filter>src\kaphein</Filter>
    </ClCompile>
    <ClCompile Include="..\..\src\kaphein\DivideByZeroException.cpp">
      <Filter>src\kaphein</Filter>
    </ClCompile>
    <ClCompile Include="..\..\src\kaphein\Exception.cpp">
      <Filter>src\kaphein</Filter>
    </ClCompile>
    <ClCompile Include="..\..\src\kaphein\IndexOutOfRangeException.cpp">
      <Filter>src\kaphein</Filter>
    </ClCompile>
    <ClCompile Include="..\..\src\kaphein\InvalidArgumentException.cpp">
      <Filter>src\kaphein</Filter>
    </ClCompile>
    <ClCompile Include="..\..\src\kaphein\NotImplementedMethodException.cpp">
      <Filter>src\kaphein</Filter>
    </ClCompile>
    <ClCompile Include="..\..\src\kaphein\NullPointerException.cpp">
      <Filter>src\kaphein</Filter>
    </ClCompile>
    <ClCompile Include="..\..\src\kaphein\RangeException.cpp">
      <Filter>src\kaphein</Filter>
    </ClCompile>
  </ItemGroup>
</Project>